
Microsoft Visual Studio Solution File, Format Version 12.00
# Visual Studio Version 17
VisualStudioVersion = 17.0.31903.59
MinimumVisualStudioVersion = 10.0.40219.1
Project("{FAE04EC0-301F-11D3-BF4B-00C04F79EFBC}") = "testing", "testing.csproj", "{36B8F4AE-84CC-4AD9-A7BA-0020026CC140}"
EndProject
Global
	GlobalSection(SolutionConfigurationPlatforms) = preSolution
		Debug|Any CPU = Debug|Any CPU
		Release|Any CPU = Release|Any CPU
	EndGlobalSection
	GlobalSection(ProjectConfigurationPlatforms) = postSolution
		{36B8F4AE-84CC-4AD9-A7BA-0020026CC140}.Debug|Any CPU.ActiveCfg = Debug|Any CPU
		{36B8F4AE-84CC-4AD9-A7BA-0020026CC140}.Debug|Any CPU.Build.0 = Debug|Any CPU
		{36B8F4AE-84CC-4AD9-A7BA-0020026CC140}.Release|Any CPU.ActiveCfg = Release|Any CPU
		{36B8F4AE-84CC-4AD9-A7BA-0020026CC140}.Release|Any CPU.Build.0 = Release|Any CPU
	EndGlobalSection
	GlobalSection(SolutionProperties) = preSolution
		HideSolutionNode = FALSE
	EndGlobalSection
	GlobalSection(ExtensibilityGlobals) = postSolution
		SolutionGuid = {C08F03EF-477D-410C-8772-1141DEBAA13C}
	EndGlobalSection
EndGlobal
