
Microsoft Visual Studio Solution File, Format Version 12.00
# Visual Studio Version 16
VisualStudioVersion = 16.0.31515.178
MinimumVisualStudioVersion = 10.0.40219.1
Project("{FAE04EC0-301F-11D3-BF4B-00C04F79EFBC}") = "DllTest", "DllTest\DllTest.csproj", "{759E9F92-B7DC-4B9D-929F-3CF2AC4DA2CD}"
EndProject
Global
	GlobalSection(SolutionConfigurationPlatforms) = preSolution
		Debug|Any CPU = Debug|Any CPU
		Release|Any CPU = Release|Any CPU
	EndGlobalSection
	GlobalSection(ProjectConfigurationPlatforms) = postSolution
		{759E9F92-B7DC-4B9D-929F-3CF2AC4DA2CD}.Debug|Any CPU.ActiveCfg = Debug|Any CPU
		{759E9F92-B7DC-4B9D-929F-3CF2AC4DA2CD}.Debug|Any CPU.Build.0 = Debug|Any CPU
		{759E9F92-B7DC-4B9D-929F-3CF2AC4DA2CD}.Release|Any CPU.ActiveCfg = Release|Any CPU
		{759E9F92-B7DC-4B9D-929F-3CF2AC4DA2CD}.Release|Any CPU.Build.0 = Release|Any CPU
	EndGlobalSection
	GlobalSection(SolutionProperties) = preSolution
		HideSolutionNode = FALSE
	EndGlobalSection
	GlobalSection(ExtensibilityGlobals) = postSolution
		SolutionGuid = {8B0DFD66-25B8-42FA-81D2-EDFB60C4ECA9}
	EndGlobalSection
EndGlobal
